
Microsoft Visual Studio Solution File, Format Version 12.00
# Visual Studio Version 16
VisualStudioVersion = 16.0.30523.141
MinimumVisualStudioVersion = 10.0.40219.1
Project("{FAE04EC0-301F-11D3-BF4B-00C04F79EFBC}") = "RobotsVsDinosaurs", "RobotsVsDinosaurs\RobotsVsDinosaurs.csproj", "{50AF160B-0B70-49E0-9061-4D912D37323C}"
EndProject
Global
	GlobalSection(SolutionConfigurationPlatforms) = preSolution
		Debug|Any CPU = Debug|Any CPU
		Release|Any CPU = Release|Any CPU
	EndGlobalSection
	GlobalSection(ProjectConfigurationPlatforms) = postSolution
		{50AF160B-0B70-49E0-9061-4D912D37323C}.Debug|Any CPU.ActiveCfg = Debug|Any CPU
		{50AF160B-0B70-49E0-9061-4D912D37323C}.Debug|Any CPU.Build.0 = Debug|Any CPU
		{50AF160B-0B70-49E0-9061-4D912D37323C}.Release|Any CPU.ActiveCfg = Release|Any CPU
		{50AF160B-0B70-49E0-9061-4D912D37323C}.Release|Any CPU.Build.0 = Release|Any CPU
	EndGlobalSection
	GlobalSection(SolutionProperties) = preSolution
		HideSolutionNode = FALSE
	EndGlobalSection
	GlobalSection(ExtensibilityGlobals) = postSolution
		SolutionGuid = {B5C301AD-495A-4ADB-8924-06F3B409CED0}
	EndGlobalSection
EndGlobal
